
Microsoft Visual Studio Solution File, Format Version 12.00
# Visual Studio Version 17
VisualStudioVersion = 17.7.34031.279
MinimumVisualStudioVersion = 10.0.40219.1
Project("{FAE04EC0-301F-11D3-BF4B-00C04F79EFBC}") = "лаба 1", "лаба 1\лаба 1.csproj", "{7840603B-DE7F-473A-9B78-53995D666648}"
EndProject
Global
	GlobalSection(SolutionConfigurationPlatforms) = preSolution
		Debug|Any CPU = Debug|Any CPU
		Release|Any CPU = Release|Any CPU
	EndGlobalSection
	GlobalSection(ProjectConfigurationPlatforms) = postSolution
		{7840603B-DE7F-473A-9B78-53995D666648}.Debug|Any CPU.ActiveCfg = Debug|Any CPU
		{7840603B-DE7F-473A-9B78-53995D666648}.Debug|Any CPU.Build.0 = Debug|Any CPU
		{7840603B-DE7F-473A-9B78-53995D666648}.Release|Any CPU.ActiveCfg = Release|Any CPU
		{7840603B-DE7F-473A-9B78-53995D666648}.Release|Any CPU.Build.0 = Release|Any CPU
	EndGlobalSection
	GlobalSection(SolutionProperties) = preSolution
		HideSolutionNode = FALSE
	EndGlobalSection
	GlobalSection(ExtensibilityGlobals) = postSolution
		SolutionGuid = {1554D5F3-B59A-4FDE-88FD-2554C247107E}
	EndGlobalSection
EndGlobal
