
Microsoft Visual Studio Solution File, Format Version 12.00
# Visual Studio Version 17
VisualStudioVersion = 17.7.34031.279
MinimumVisualStudioVersion = 10.0.40219.1
Project("{FAE04EC0-301F-11D3-BF4B-00C04F79EFBC}") = "лаба 1.2", "лаба 1.2\лаба 1.2.csproj", "{5142C895-3697-4E45-9D5F-B6848FEA0501}"
EndProject
Global
	GlobalSection(SolutionConfigurationPlatforms) = preSolution
		Debug|Any CPU = Debug|Any CPU
		Release|Any CPU = Release|Any CPU
	EndGlobalSection
	GlobalSection(ProjectConfigurationPlatforms) = postSolution
		{5142C895-3697-4E45-9D5F-B6848FEA0501}.Debug|Any CPU.ActiveCfg = Debug|Any CPU
		{5142C895-3697-4E45-9D5F-B6848FEA0501}.Debug|Any CPU.Build.0 = Debug|Any CPU
		{5142C895-3697-4E45-9D5F-B6848FEA0501}.Release|Any CPU.ActiveCfg = Release|Any CPU
		{5142C895-3697-4E45-9D5F-B6848FEA0501}.Release|Any CPU.Build.0 = Release|Any CPU
	EndGlobalSection
	GlobalSection(SolutionProperties) = preSolution
		HideSolutionNode = FALSE
	EndGlobalSection
	GlobalSection(ExtensibilityGlobals) = postSolution
		SolutionGuid = {5612E08D-1979-4243-B23D-520AAB977632}
	EndGlobalSection
EndGlobal
